// !$*UTF8*$!
{
	archiveVersion = 1;
	classes = {
	};
	objectVersion = 50;
	objects = {

/* Begin PBXBuildFile section */
		4A85968F21B6115C007C8DB4 /* AppDelegate.m in Sources */ = {isa = PBXBuildFile; fileRef = 4A85968E21B6115C007C8DB4 /* AppDelegate.m */; };
		4A85969221B6115C007C8DB4 /* ViewController.m in Sources */ = {isa = PBXBuildFile; fileRef = 4A85969121B6115C007C8DB4 /* ViewController.m */; };
		4A85969521B6115C007C8DB4 /* Main.storyboard in Resources */ = {isa = PBXBuildFile; fileRef = 4A85969321B6115C007C8DB4 /* Main.storyboard */; };
		4A85969721B6115E007C8DB4 /* Assets.xcassets in Resources */ = {isa = PBXBuildFile; fileRef = 4A85969621B6115E007C8DB4 /* Assets.xcassets */; };
		4A85969A21B6115E007C8DB4 /* LaunchScreen.storyboard in Resources */ = {isa = PBXBuildFile; fileRef = 4A85969821B6115E007C8DB4 /* LaunchScreen.storyboard */; };
		4A85969D21B6115E007C8DB4 /* main.m in Sources */ = {isa = PBXBuildFile; fileRef = 4A85969C21B6115E007C8DB4 /* main.m */; };
		4A8596A721B6115E007C8DB4 /* HuiShengTests.m in Sources */ = {isa = PBXBuildFile; fileRef = 4A8596A621B6115E007C8DB4 /* HuiShengTests.m */; };
		4A8596B221B6115E007C8DB4 /* HuiShengUITests.m in Sources */ = {isa = PBXBuildFile; fileRef = 4A8596B121B6115E007C8DB4 /* HuiShengUITests.m */; };
/* End PBXBuildFile section */

/* Begin PBXContainerItemProxy section */
		4A8596A321B6115E007C8DB4 /* PBXContainerItemProxy */ = {
			isa = PBXContainerItemProxy;
			containerPortal = 4A85968221B6115B007C8DB4 /* Project object */;
			proxyType = 1;
			remoteGlobalIDString = 4A85968921B6115C007C8DB4;
			remoteInfo = HuiSheng;
		};
		4A8596AE21B6115E007C8DB4 /* PBXContainerItemProxy */ = {
			isa = PBXContainerItemProxy;
			containerPortal = 4A85968221B6115B007C8DB4 /* Project object */;
			proxyType = 1;
			remoteGlobalIDString = 4A85968921B6115C007C8DB4;
			remoteInfo = HuiSheng;
		};
/* End PBXContainerItemProxy section */

/* Begin PBXFileReference section */
		4A85968A21B6115C007C8DB4 /* HuiSheng.app */ = {isa = PBXFileReference; explicitFileType = wrapper.application; includeInIndex = 0; path = HuiSheng.app; sourceTree = BUILT_PRODUCTS_DIR; };
		4A85968D21B6115C007C8DB4 /* AppDelegate.h */ = {isa = PBXFileReference; lastKnownFileType = sourcecode.c.h; path = AppDelegate.h; sourceTree = "<group>"; };
		4A85968E21B6115C007C8DB4 /* AppDelegate.m */ = {isa = PBXFileReference; lastKnownFileType = sourcecode.c.objc; path = AppDelegate.m; sourceTree = "<group>"; };
		4A85969021B6115C007C8DB4 /* ViewController.h */ = {isa = PBXFileReference; lastKnownFileType = sourcecode.c.h; path = ViewController.h; sourceTree = "<group>"; };
		4A85969121B6115C007C8DB4 /* ViewController.m */ = {isa = PBXFileReference; lastKnownFileType = sourcecode.c.objc; path = ViewController.m; sourceTree = "<group>"; };
		4A85969421B6115C007C8DB4 /* Base */ = {isa = PBXFileReference; lastKnownFileType = file.storyboard; name = Base; path = Base.lproj/Main.storyboard; sourceTree = "<group>"; };
		4A85969621B6115E007C8DB4 /* Assets.xcassets */ = {isa = PBXFileReference; lastKnownFileType = folder.assetcatalog; path = Assets.xcassets; sourceTree = "<group>"; };
		4A85969921B6115E007C8DB4 /* Base */ = {isa = PBXFileReference; lastKnownFileType = file.storyboard; name = Base; path = Base.lproj/LaunchScreen.storyboard; sourceTree = "<group>"; };
		4A85969B21B6115E007C8DB4 /* Info.plist */ = {isa = PBXFileReference; lastKnownFileType = text.plist.xml; path = Info.plist; sourceTree = "<group>"; };
		4A85969C21B6115E007C8DB4 /* main.m */ = {isa = PBXFileReference; lastKnownFileType = sourcecode.c.objc; path = main.m; sourceTree = "<group>"; };
		4A8596A221B6115E007C8DB4 /* HuiShengTests.xctest */ = {isa = PBXFileReference; explicitFileType = wrapper.cfbundle; includeInIndex = 0; path = HuiShengTests.xctest; sourceTree = BUILT_PRODUCTS_DIR; };
		4A8596A621B6115E007C8DB4 /* HuiShengTests.m */ = {isa = PBXFileReference; lastKnownFileType = sourcecode.c.objc; path = HuiShengTests.m; sourceTree = "<group>"; };
		4A8596A821B6115E007C8DB4 /* Info.plist */ = {isa = PBXFileReference; lastKnownFileType = text.plist.xml; path = Info.plist; sourceTree = "<group>"; };
		4A8596AD21B6115E007C8DB4 /* HuiShengUITests.xctest */ = {isa = PBXFileReference; explicitFileType = wrapper.cfbundle; includeInIndex = 0; path = HuiShengUITests.xctest; sourceTree = BUILT_PRODUCTS_DIR; };
		4A8596B121B6115E007C8DB4 /* HuiShengUITests.m */ = {isa = PBXFileReference; lastKnownFileType = sourcecode.c.objc; path = HuiShengUITests.m; sourceTree = "<group>"; };
		4A8596B321B6115E007C8DB4 /* Info.plist */ = {isa = PBXFileReference; lastKnownFileType = text.plist.xml; path = Info.plist; sourceTree = "<group>"; };
/* End PBXFileReference section */

/* Begin PBXFrameworksBuildPhase section */
		4A85968721B6115C007C8DB4 /* Frameworks */ = {
			isa = PBXFrameworksBuildPhase;
			buildActionMask = 2147483647;
			files = (
			);
			runOnlyForDeploymentPostprocessing = 0;
		};
		4A85969F21B6115E007C8DB4 /* Frameworks */ = {
			isa = PBXFrameworksBuildPhase;
			buildActionMask = 2147483647;
			files = (
			);
			runOnlyForDeploymentPostprocessing = 0;
		};
		4A8596AA21B6115E007C8DB4 /* Frameworks */ = {
			isa = PBXFrameworksBuildPhase;
			buildActionMask = 2147483647;
			files = (
			);
			runOnlyForDeploymentPostprocessing = 0;
		};
/* End PBXFrameworksBuildPhase section */

/* Begin PBXGroup section */
		4A85968121B6115B007C8DB4 = {
			isa = PBXGroup;
			children = (
				4A85968C21B6115C007C8DB4 /* HuiSheng */,
				4A8596A521B6115E007C8DB4 /* HuiShengTests */,
				4A8596B021B6115E007C8DB4 /* HuiShengUITests */,
				4A85968B21B6115C007C8DB4 /* Products */,
			);
			sourceTree = "<group>";
		};
		4A85968B21B6115C007C8DB4 /* Products */ = {
			isa = PBXGroup;
			children = (
				4A85968A21B6115C007C8DB4 /* HuiSheng.app */,
				4A8596A221B6115E007C8DB4 /* HuiShengTests.xctest */,
				4A8596AD21B6115E007C8DB4 /* HuiShengUITests.xctest */,
			);
			name = Products;
			sourceTree = "<group>";
		};
		4A85968C21B6115C007C8DB4 /* HuiSheng */ = {
			isa = PBXGroup;
			children = (
				4A85968D21B6115C007C8DB4 /* AppDelegate.h */,
				4A85968E21B6115C007C8DB4 /* AppDelegate.m */,
				4A85969021B6115C007C8DB4 /* ViewController.h */,
				4A85969121B6115C007C8DB4 /* ViewController.m */,
				4A85969321B6115C007C8DB4 /* Main.storyboard */,
				4A85969621B6115E007C8DB4 /* Assets.xcassets */,
				4A85969821B6115E007C8DB4 /* LaunchScreen.storyboard */,
				4A85969B21B6115E007C8DB4 /* Info.plist */,
				4A85969C21B6115E007C8DB4 /* main.m */,
			);
			path = HuiSheng;
			sourceTree = "<group>";
		};
		4A8596A521B6115E007C8DB4 /* HuiShengTests */ = {
			isa = PBXGroup;
			children = (
				4A8596A621B6115E007C8DB4 /* HuiShengTests.m */,
				4A8596A821B6115E007C8DB4 /* Info.plist */,
			);
			path = HuiShengTests;
			sourceTree = "<group>";
		};
		4A8596B021B6115E007C8DB4 /* HuiShengUITests */ = {
			isa = PBXGroup;
			children = (
				4A8596B121B6115E007C8DB4 /* HuiShengUITests.m */,
				4A8596B321B6115E007C8DB4 /* Info.plist */,
			);
			path = HuiShengUITests;
			sourceTree = "<group>";
		};
/* End PBXGroup section */

/* Begin PBXNativeTarget section */
		4A85968921B6115C007C8DB4 /* HuiSheng */ = {
			isa = PBXNativeTarget;
			buildConfigurationList = 4A8596B621B6115E007C8DB4 /* Build configuration list for PBXNativeTarget "HuiSheng" */;
			buildPhases = (
				4A85968621B6115C007C8DB4 /* Sources */,
				4A85968721B6115C007C8DB4 /* Frameworks */,
				4A85968821B6115C007C8DB4 /* Resources */,
			);
			buildRules = (
			);
			dependencies = (
			);
			name = HuiSheng;
			productName = HuiSheng;
			productReference = 4A85968A21B6115C007C8DB4 /* HuiSheng.app */;
			productType = "com.apple.product-type.application";
		};
		4A8596A121B6115E007C8DB4 /* HuiShengTests */ = {
			isa = PBXNativeTarget;
			buildConfigurationList = 4A8596B921B6115E007C8DB4 /* Build configuration list for PBXNativeTarget "HuiShengTests" */;
			buildPhases = (
				4A85969E21B6115E007C8DB4 /* Sources */,
				4A85969F21B6115E007C8DB4 /* Frameworks */,
				4A8596A021B6115E007C8DB4 /* Resources */,
			);
			buildRules = (
			);
			dependencies = (
				4A8596A421B6115E007C8DB4 /* PBXTargetDependency */,
			);
			name = HuiShengTests;
			productName = HuiShengTests;
			productReference = 4A8596A221B6115E007C8DB4 /* HuiShengTests.xctest */;
			productType = "com.apple.product-type.bundle.unit-test";
		};
		4A8596AC21B6115E007C8DB4 /* HuiShengUITests */ = {
			isa = PBXNativeTarget;
			buildConfigurationList = 4A8596BC21B6115E007C8DB4 /* Build configuration list for PBXNativeTarget "HuiShengUITests" */;
			buildPhases = (
				4A8596A921B6115E007C8DB4 /* Sources */,
				4A8596AA21B6115E007C8DB4 /* Frameworks */,
				4A8596AB21B6115E007C8DB4 /* Resources */,
			);
			buildRules = (
			);
			dependencies = (
				4A8596AF21B6115E007C8DB4 /* PBXTargetDependency */,
			);
			name = HuiShengUITests;
			productName = HuiShengUITests;
			productReference = 4A8596AD21B6115E007C8DB4 /* HuiShengUITests.xctest */;
			productType = "com.apple.product-type.bundle.ui-testing";
		};
/* End PBXNativeTarget section */

/* Begin PBXProject section */
		4A85968221B6115B007C8DB4 /* Project object */ = {
			isa = PBXProject;
			attributes = {
				LastUpgradeCheck = 1010;
				ORGANIZATIONNAME = "Guangzhou YouPin Trade Co.,Ltd.";
				TargetAttributes = {
					4A85968921B6115C007C8DB4 = {
						CreatedOnToolsVersion = 10.1;
					};
					4A8596A121B6115E007C8DB4 = {
						CreatedOnToolsVersion = 10.1;
						TestTargetID = 4A85968921B6115C007C8DB4;
					};
					4A8596AC21B6115E007C8DB4 = {
						CreatedOnToolsVersion = 10.1;
						TestTargetID = 4A85968921B6115C007C8DB4;
					};
				};
			};
			buildConfigurationList = 4A85968521B6115B007C8DB4 /* Build configuration list for PBXProject "HuiSheng" */;
			compatibilityVersion = "Xcode 9.3";
			developmentRegion = en;
			hasScannedForEncodings = 0;
			knownRegions = (
				en,
				Base,
			);
			mainGroup = 4A85968121B6115B007C8DB4;
			productRefGroup = 4A85968B21B6115C007C8DB4 /* Products */;
			projectDirPath = "";
			projectRoot = "";
			targets = (
				4A85968921B6115C007C8DB4 /* HuiSheng */,
				4A8596A121B6115E007C8DB4 /* HuiShengTests */,
				4A8596AC21B6115E007C8DB4 /* HuiShengUITests */,
			);
		};
/* End PBXProject section */

/* Begin PBXResourcesBuildPhase section */
		4A85968821B6115C007C8DB4 /* Resources */ = {
			isa = PBXResourcesBuildPhase;
			buildActionMask = 2147483647;
			files = (
				4A85969A21B6115E007C8DB4 /* LaunchScreen.storyboard in Resources */,
				4A85969721B6115E007C8DB4 /* Assets.xcassets in Resources */,
				4A85969521B6115C007C8DB4 /* Main.storyboard in Resources */,
			);
			runOnlyForDeploymentPostprocessing = 0;
		};
		4A8596A021B6115E007C8DB4 /* Resources */ = {
			isa = PBXResourcesBuildPhase;
			buildActionMask = 2147483647;
			files = (
			);
			runOnlyForDeploymentPostprocessing = 0;
		};
		4A8596AB21B6115E007C8DB4 /* Resources */ = {
			isa = PBXResourcesBuildPhase;
			buildActionMask = 2147483647;
			files = (
			);
			runOnlyForDeploymentPostprocessing = 0;
		};
/* End PBXResourcesBuildPhase section */

/* Begin PBXSourcesBuildPhase section */
		4A85968621B6115C007C8DB4 /* Sources */ = {
			isa = PBXSourcesBuildPhase;
			buildActionMask = 2147483647;
			files = (
				4A85969221B6115C007C8DB4 /* ViewController.m in Sources */,
				4A85969D21B6115E007C8DB4 /* main.m in Sources */,
				4A85968F21B6115C007C8DB4 /* AppDelegate.m in Sources */,
			);
			runOnlyForDeploymentPostprocessing = 0;
		};
		4A85969E21B6115E007C8DB4 /* Sources */ = {
			isa = PBXSourcesBuildPhase;
			buildActionMask = 2147483647;
			files = (
				4A8596A721B6115E007C8DB4 /* HuiShengTests.m in Sources */,
			);
			runOnlyForDeploymentPostprocessing = 0;
		};
		4A8596A921B6115E007C8DB4 /* Sources */ = {
			isa = PBXSourcesBuildPhase;
			buildActionMask = 2147483647;
			files = (
				4A8596B221B6115E007C8DB4 /* HuiShengUITests.m in Sources */,
			);
			runOnlyForDeploymentPostprocessing = 0;
		};
/* End PBXSourcesBuildPhase section */

/* Begin PBXTargetDependency section */
		4A8596A421B6115E007C8DB4 /* PBXTargetDependency */ = {
			isa = PBXTargetDependency;
			target = 4A85968921B6115C007C8DB4 /* HuiSheng */;
			targetProxy = 4A8596A321B6115E007C8DB4 /* PBXContainerItemProxy */;
		};
		4A8596AF21B6115E007C8DB4 /* PBXTargetDependency */ = {
			isa = PBXTargetDependency;
			target = 4A85968921B6115C007C8DB4 /* HuiSheng */;
			targetProxy = 4A8596AE21B6115E007C8DB4 /* PBXContainerItemProxy */;
		};
/* End PBXTargetDependency section */

/* Begin PBXVariantGroup section */
		4A85969321B6115C007C8DB4 /* Main.storyboard */ = {
			isa = PBXVariantGroup;
			children = (
				4A85969421B6115C007C8DB4 /* Base */,
			);
			name = Main.storyboard;
			sourceTree = "<group>";
		};
		4A85969821B6115E007C8DB4 /* LaunchScreen.storyboard */ = {
			isa = PBXVariantGroup;
			children = (
				4A85969921B6115E007C8DB4 /* Base */,
			);
			name = LaunchScreen.storyboard;
			sourceTree = "<group>";
		};
/* End PBXVariantGroup section */

/* Begin XCBuildConfiguration section */
		4A8596B421B6115E007C8DB4 /* Debug */ = {
			isa = XCBuildConfiguration;
			buildSettings = {
				ALWAYS_SEARCH_USER_PATHS = NO;
				CLANG_ANALYZER_NONNULL = YES;
				CLANG_ANALYZER_NUMBER_OBJECT_CONVERSION = YES_AGGRESSIVE;
				CLANG_CXX_LANGUAGE_STANDARD = "gnu++14";
				CLANG_CXX_LIBRARY = "libc++";
				CLANG_ENABLE_MODULES = YES;
				CLANG_ENABLE_OBJC_ARC = YES;
				CLANG_ENABLE_OBJC_WEAK = YES;
				CLANG_WARN_BLOCK_CAPTURE_AUTORELEASING = YES;
				CLANG_WARN_BOOL_CONVERSION = YES;
				CLANG_WARN_COMMA = YES;
				CLANG_WARN_CONSTANT_CONVERSION = YES;
				CLANG_WARN_DEPRECATED_OBJC_IMPLEMENTATIONS = YES;
				CLANG_WARN_DIRECT_OBJC_ISA_USAGE = YES_ERROR;
				CLANG_WARN_DOCUMENTATION_COMMENTS = YES;
				CLANG_WARN_EMPTY_BODY = YES;
				CLANG_WARN_ENUM_CONVERSION = YES;
				CLANG_WARN_INFINITE_RECURSION = YES;
				CLANG_WARN_INT_CONVERSION = YES;
				CLANG_WARN_NON_LITERAL_NULL_CONVERSION = YES;
				CLANG_WARN_OBJC_IMPLICIT_RETAIN_SELF = YES;
				CLANG_WARN_OBJC_LITERAL_CONVERSION = YES;
				CLANG_WARN_OBJC_ROOT_CLASS = YES_ERROR;
				CLANG_WARN_RANGE_LOOP_ANALYSIS = YES;
				CLANG_WARN_STRICT_PROTOTYPES = YES;
				CLANG_WARN_SUSPICIOUS_MOVE = YES;
				CLANG_WARN_UNGUARDED_AVAILABILITY = YES_AGGRESSIVE;
				CLANG_WARN_UNREACHABLE_CODE = YES;
				CLANG_WARN__DUPLICATE_METHOD_MATCH = YES;
				CODE_SIGN_IDENTITY = "iPhone Developer";
				COPY_PHASE_STRIP = NO;
				DEBUG_INFORMATION_FORMAT = dwarf;
				ENABLE_STRICT_OBJC_MSGSEND = YES;
				ENABLE_TESTABILITY = YES;
				GCC_C_LANGUAGE_STANDARD = gnu11;
				GCC_DYNAMIC_NO_PIC = NO;
				GCC_NO_COMMON_BLOCKS = YES;
				GCC_OPTIMIZATION_LEVEL = 0;
				GCC_PREPROCESSOR_DEFINITIONS = (
					"DEBUG=1",
					"$(inherited)",
				);
				GCC_WARN_64_TO_32_BIT_CONVERSION = YES;
				GCC_WARN_ABOUT_RETURN_TYPE = YES_ERROR;
				GCC_WARN_UNDECLARED_SELECTOR = YES;
				GCC_WARN_UNINITIALIZED_AUTOS = YES_AGGRESSIVE;
				GCC_WARN_UNUSED_FUNCTION = YES;
				GCC_WARN_UNUSED_VARIABLE = YES;
				IPHONEOS_DEPLOYMENT_TARGET = 12.1;
				MTL_ENABLE_DEBUG_INFO = INCLUDE_SOURCE;
				MTL_FAST_MATH = YES;
				ONLY_ACTIVE_ARCH = YES;
				SDKROOT = iphoneos;
			};
			name = Debug;
		};
		4A8596B521B6115E007C8DB4 /* Release */ = {
			isa = XCBuildConfiguration;
			buildSettings = {
				ALWAYS_SEARCH_USER_PATHS = NO;
				CLANG_ANALYZER_NONNULL = YES;
				CLANG_ANALYZER_NUMBER_OBJECT_CONVERSION = YES_AGGRESSIVE;
				CLANG_CXX_LANGUAGE_STANDARD = "gnu++14";
				CLANG_CXX_LIBRARY = "libc++";
				CLANG_ENABLE_MODULES = YES;
				CLANG_ENABLE_OBJC_ARC = YES;
				CLANG_ENABLE_OBJC_WEAK = YES;
				CLANG_WARN_BLOCK_CAPTURE_AUTORELEASING = YES;
				CLANG_WARN_BOOL_CONVERSION = YES;
				CLANG_WARN_COMMA = YES;
				CLANG_WARN_CONSTANT_CONVERSION = YES;
				CLANG_WARN_DEPRECATED_OBJC_IMPLEMENTATIONS = YES;
				CLANG_WARN_DIRECT_OBJC_ISA_USAGE = YES_ERROR;
				CLANG_WARN_DOCUMENTATION_COMMENTS = YES;
				CLANG_WARN_EMPTY_BODY = YES;
				CLANG_WARN_ENUM_CONVERSION = YES;
				CLANG_WARN_INFINITE_RECURSION = YES;
				CLANG_WARN_INT_CONVERSION = YES;
				CLANG_WARN_NON_LITERAL_NULL_CONVERSION = YES;
				CLANG_WARN_OBJC_IMPLICIT_RETAIN_SELF = YES;
				CLANG_WARN_OBJC_LITERAL_CONVERSION = YES;
				CLANG_WARN_OBJC_ROOT_CLASS = YES_ERROR;
				CLANG_WARN_RANGE_LOOP_ANALYSIS = YES;
				CLANG_WARN_STRICT_PROTOTYPES = YES;
				CLANG_WARN_SUSPICIOUS_MOVE = YES;
				CLANG_WARN_UNGUARDED_AVAILABILITY = YES_AGGRESSIVE;
				CLANG_WARN_UNREACHABLE_CODE = YES;
				CLANG_WARN__DUPLICATE_METHOD_MATCH = YES;
				CODE_SIGN_IDENTITY = "iPhone Developer";
				COPY_PHASE_STRIP = NO;
				DEBUG_INFORMATION_FORMAT = "dwarf-with-dsym";
				ENABLE_NS_ASSERTIONS = NO;
				ENABLE_STRICT_OBJC_MSGSEND = YES;
				GCC_C_LANGUAGE_STANDARD = gnu11;
				GCC_NO_COMMON_BLOCKS = YES;
				GCC_WARN_64_TO_32_BIT_CONVERSION = YES;
				GCC_WARN_ABOUT_RETURN_TYPE = YES_ERROR;
				GCC_WARN_UNDECLARED_SELECTOR = YES;
				GCC_WARN_UNINITIALIZED_AUTOS = YES_AGGRESSIVE;
				GCC_WARN_UNUSED_FUNCTION = YES;
				GCC_WARN_UNUSED_VARIABLE = YES;
				IPHONEOS_DEPLOYMENT_TARGET = 12.1;
				MTL_ENABLE_DEBUG_INFO = NO;
				MTL_FAST_MATH = YES;
				SDKROOT = iphoneos;
				VALIDATE_PRODUCT = YES;
			};
			name = Release;
		};
		4A8596B721B6115E007C8DB4 /* Debug */ = {
			isa = XCBuildConfiguration;
			buildSettings = {
				ASSETCATALOG_COMPILER_APPICON_NAME = AppIcon;
				CODE_SIGN_STYLE = Automatic;
				INFOPLIST_FILE = HuiSheng/Info.plist;
				LD_RUNPATH_SEARCH_PATHS = (
					"$(inherited)",
					"@executable_path/Frameworks",
				);
				PRODUCT_BUNDLE_IDENTIFIER = Eston.Indentifier.HuiSheng;
				PRODUCT_NAME = "$(TARGET_NAME)";
				TARGETED_DEVICE_FAMILY = "1,2";
			};
			name = Debug;
		};
		4A8596B821B6115E007C8DB4 /* Release */ = {
			isa = XCBuildConfiguration;
			buildSettings = {
				ASSETCATALOG_COMPILER_APPICON_NAME = AppIcon;
				CODE_SIGN_STYLE = Automatic;
				INFOPLIST_FILE = HuiSheng/Info.plist;
				LD_RUNPATH_SEARCH_PATHS = (
					"$(inherited)",
					"@executable_path/Frameworks",
				);
				PRODUCT_BUNDLE_IDENTIFIER = Eston.Indentifier.HuiSheng;
				PRODUCT_NAME = "$(TARGET_NAME)";
				TARGETED_DEVICE_FAMILY = "1,2";
			};
			name = Release;
		};
		4A8596BA21B6115E007C8DB4 /* Debug */ = {
			isa = XCBuildConfiguration;
			buildSettings = {
				BUNDLE_LOADER = "$(TEST_HOST)";
				CODE_SIGN_STYLE = Automatic;
				INFOPLIST_FILE = HuiShengTests/Info.plist;
				LD_RUNPATH_SEARCH_PATHS = (
					"$(inherited)",
					"@executable_path/Frameworks",
					"@loader_path/Frameworks",
				);
				PRODUCT_BUNDLE_IDENTIFIER = Eston.Indentifier.HuiShengTests;
				PRODUCT_NAME = "$(TARGET_NAME)";
				TARGETED_DEVICE_FAMILY = "1,2";
				TEST_HOST = "$(BUILT_PRODUCTS_DIR)/HuiSheng.app/HuiSheng";
			};
			name = Debug;
		};
		4A8596BB21B6115E007C8DB4 /* Release */ = {
			isa = XCBuildConfiguration;
			buildSettings = {
				BUNDLE_LOADER = "$(TEST_HOST)";
				CODE_SIGN_STYLE = Automatic;
				INFOPLIST_FILE = HuiShengTests/Info.plist;
				LD_RUNPATH_SEARCH_PATHS = (
					"$(inherited)",
					"@executable_path/Frameworks",
					"@loader_path/Frameworks",
				);
				PRODUCT_BUNDLE_IDENTIFIER = Eston.Indentifier.HuiShengTests;
				PRODUCT_NAME = "$(TARGET_NAME)";
				TARGETED_DEVICE_FAMILY = "1,2";
				TEST_HOST = "$(BUILT_PRODUCTS_DIR)/HuiSheng.app/HuiSheng";
			};
			name = Release;
		};
		4A8596BD21B6115E007C8DB4 /* Debug */ = {
			isa = XCBuildConfiguration;
			buildSettings = {
				CODE_SIGN_STYLE = Automatic;
				INFOPLIST_FILE = HuiShengUITests/Info.plist;
				LD_RUNPATH_SEARCH_PATHS = (
					"$(inherited)",
					"@executable_path/Frameworks",
					"@loader_path/Frameworks",
				);
				PRODUCT_BUNDLE_IDENTIFIER = Eston.Indentifier.HuiShengUITests;
				PRODUCT_NAME = "$(TARGET_NAME)";
				TARGETED_DEVICE_FAMILY = "1,2";
				TEST_TARGET_NAME = HuiSheng;
			};
			name = Debug;
		};
		4A8596BE21B6115E007C8DB4 /* Release */ = {
			isa = XCBuildConfiguration;
			buildSettings = {
				CODE_SIGN_STYLE = Automatic;
				INFOPLIST_FILE = HuiShengUITests/Info.plist;
				LD_RUNPATH_SEARCH_PATHS = (
					"$(inherited)",
					"@executable_path/Frameworks",
					"@loader_path/Frameworks",
				);
				PRODUCT_BUNDLE_IDENTIFIER = Eston.Indentifier.HuiShengUITests;
				PRODUCT_NAME = "$(TARGET_NAME)";
				TARGETED_DEVICE_FAMILY = "1,2";
				TEST_TARGET_NAME = HuiSheng;
			};
			name = Release;
		};
/* End XCBuildConfiguration section */

/* Begin XCConfigurationList section */
		4A85968521B6115B007C8DB4 /* Build configuration list for PBXProject "HuiSheng" */ = {
			isa = XCConfigurationList;
			buildConfigurations = (
				4A8596B421B6115E007C8DB4 /* Debug */,
				4A8596B521B6115E007C8DB4 /* Release */,
			);
			defaultConfigurationIsVisible = 0;
			defaultConfigurationName = Release;
		};
		4A8596B621B6115E007C8DB4 /* Build configuration list for PBXNativeTarget "HuiSheng" */ = {
			isa = XCConfigurationList;
			buildConfigurations = (
				4A8596B721B6115E007C8DB4 /* Debug */,
				4A8596B821B6115E007C8DB4 /* Release */,
			);
			defaultConfigurationIsVisible = 0;
			defaultConfigurationName = Release;
		};
		4A8596B921B6115E007C8DB4 /* Build configuration list for PBXNativeTarget "HuiShengTests" */ = {
			isa = XCConfigurationList;
			buildConfigurations = (
				4A8596BA21B6115E007C8DB4 /* Debug */,
				4A8596BB21B6115E007C8DB4 /* Release */,
			);
			defaultConfigurationIsVisible = 0;
			defaultConfigurationName = Release;
		};
		4A8596BC21B6115E007C8DB4 /* Build configuration list for PBXNativeTarget "HuiShengUITests" */ = {
			isa = XCConfigurationList;
			buildConfigurations = (
				4A8596BD21B6115E007C8DB4 /* Debug */,
				4A8596BE21B6115E007C8DB4 /* Release */,
			);
			defaultConfigurationIsVisible = 0;
			defaultConfigurationName = Release;
		};
/* End XCConfigurationList section */
	};
	rootObject = 4A85968221B6115B007C8DB4 /* Project object */;
}
